github.com/PlayerR9/go-commons v0.1.1 h1:j1P6WyUXz3uFvYrDg1Jep3psnRfuwc12pmRKXjpXMKM=
github.com/PlayerR9/go-commons v0.1.1/go.mod h1:3DEOPnnd4cBE4eZizrLvH0nQ8mx4tgR7RDByKfqQDQo=
github.com/PlayerR9/lib_units v0.1.6 h1:nGV8cUY9K+AHpnGJwITNG8q8Ekg9DovhFij8JOxJXaE=
github.com/PlayerR9/lib_units v0.1.6/go.mod h1:PtwiOBR5S2qAy5lD+Nz5ma7wXEYm8EWpVIP21Lm0o+Q=
github.com/PlayerR9/lib_units v0.1.7 h1:M1EOIv6/5sOGcYK3oWkStqkEVNL2si6hqDCd+k43/xQ=
github.com/PlayerR9/lib_units v0.1.7/go.mod h1:PtwiOBR5S2qAy5lD+Nz5ma7wXEYm8EWpVIP21Lm0o+Q=
github.com/PlayerR9/lib_units v0.1.8 h1:ANySYeBYoLhJrO26Y4+ijo7ffI2rclCU1lmaB26UEEo=
github.com/PlayerR9/lib_units v0.1.8/go.mod h1:PlCm0Wru6YVu3EzwoZCc+urJ9lxAwIRPA2Ut0kt71Pg=
golang.org/x/exp v0.0.0-20240719175910-8a7402abbf56 h1:2dVuKD2vS7b0QIHQbpyTISPd0LeHDbnYEryqj5Q1ug8=
golang.org/x/exp v0.0.0-20240719175910-8a7402abbf56/go.mod h1:M4RDyNAINzryxdtnbRXRL/OHtkFuWGRjvuhBJpk2IlY=
